
Microsoft Visual Studio Solution File, Format Version 12.00
# Visual Studio Version 16
VisualStudioVersion = 16.0.31515.178
MinimumVisualStudioVersion = 10.0.40219.1
Project("{2150E333-8FDC-42A3-9474-1A3956D46DE8}") = "Solution Items", "Solution Items", "{B58DDC5F-A038-4946-95DC-FEF61CCE7E77}"
	ProjectSection(SolutionItems) = preProject
		..\Agenda.md = ..\Agenda.md
		LinkReferenzen.txt = LinkReferenzen.txt
	EndProjectSection
EndProject
Project("{9A19103F-16F7-4668-BE54-9A1E7A4F7556}") = "Modul001_01_HelloWorld", "Modul001_01_HelloWorld\Modul001_01_HelloWorld.csproj", "{6C652B19-35E8-429B-9A90-1086E01E734E}"
EndProject
Project("{9A19103F-16F7-4668-BE54-9A1E7A4F7556}") = "Modul001_02_ConsolenDemo", "Modul001_02_ConsolenDemo\Modul001_02_ConsolenDemo.csproj", "{A9A460FC-4080-454F-B55C-FB14679FBA4C}"
EndProject
Project("{9A19103F-16F7-4668-BE54-9A1E7A4F7556}") = "Modul002_01_Datentypen", "Modul002_01_Datentypen\Modul002_01_Datentypen.csproj", "{D927E686-B482-4204-A01B-53D7D2762909}"
EndProject
Project("{9A19103F-16F7-4668-BE54-9A1E7A4F7556}") = "Modul002_02_Operatoren", "Modul002_02_Operatoren\Modul002_02_Operatoren.csproj", "{8DE6DAED-33F8-4F5F-94B6-5A31991B6930}"
EndProject
Project("{9A19103F-16F7-4668-BE54-9A1E7A4F7556}") = "Modul002_03_ParsenCasting", "Modul002_03_ParsenCasting\Modul002_03_ParsenCasting.csproj", "{9C59D33E-1609-4875-AB4E-FFD15575161D}"
EndProject
Project("{9A19103F-16F7-4668-BE54-9A1E7A4F7556}") = "Modul003_01_BoolescheLogik", "Modul003_01_BoolescheLogik\Modul003_01_BoolescheLogik.csproj", "{F7ADA0A5-9F74-4F0C-94E0-CEC154023BBC}"
EndProject
Project("{9A19103F-16F7-4668-BE54-9A1E7A4F7556}") = "Modul003_02_Kontrollstrukturen", "Modul003_02_Kontrollstrukturen\Modul003_02_Kontrollstrukturen.csproj", "{52FBBFD2-67AB-4A06-BBF7-D7F13D4F3E35}"
EndProject
Project("{9A19103F-16F7-4668-BE54-9A1E7A4F7556}") = "Modul003_03_Schleifen", "Modul003_03_Schleifen\Modul003_03_Schleifen.csproj", "{27DEA875-E01D-452A-A47A-6EC97EC7890D}"
EndProject
Project("{9A19103F-16F7-4668-BE54-9A1E7A4F7556}") = "Modul004_01_Arrays", "Modul004_01_Arrays\Modul004_01_Arrays.csproj", "{92411706-47DC-4CB4-835F-CC46AAF7D96B}"
EndProject
Project("{9A19103F-16F7-4668-BE54-9A1E7A4F7556}") = "Modul004_02_Enums", "Modul004_02_Enums\Modul004_02_Enums.csproj", "{B49B5E72-AA23-40C8-B639-6E0C9DF7A5C8}"
EndProject
Project("{9A19103F-16F7-4668-BE54-9A1E7A4F7556}") = "Modul004_Wdh_EnumVsArrays", "Modul004_Wdh_EnumVsArrays\Modul004_Wdh_EnumVsArrays.csproj", "{4D8369C2-7DE4-4C72-8BC9-BCBBC70B7BE0}"
EndProject
Project("{9A19103F-16F7-4668-BE54-9A1E7A4F7556}") = "LABS_Lotto_Loesung", "LABS_Lotto_Loesung\LABS_Lotto_Loesung.csproj", "{CFCDFF03-249B-4190-969E-B3DEA9E9E123}"
EndProject
Project("{9A19103F-16F7-4668-BE54-9A1E7A4F7556}") = "Modul005_01_StatischeMethoden", "Modul005_01_StatischeMethoden\Modul005_01_StatischeMethoden.csproj", "{ED5E36B3-8F04-40E5-90C3-E80D01BDCE87}"
EndProject
Project("{9A19103F-16F7-4668-BE54-9A1E7A4F7556}") = "Modul006_01_NamespacesKlassen", "Modul006_01_NamespacesKlassen\Modul006_01_NamespacesKlassen.csproj", "{B6BA7BDC-FA7A-43C9-88B0-04E3420E68B2}"
EndProject
Project("{9A19103F-16F7-4668-BE54-9A1E7A4F7556}") = "Modul006_02_ClassFieldsProperties", "Modul006_02_ClassFieldsProperties\Modul006_02_ClassFieldsProperties.csproj", "{A25D1C4B-6493-4CFF-9070-B645EB8E2E9E}"
EndProject
Project("{9A19103F-16F7-4668-BE54-9A1E7A4F7556}") = "Modul006_03_PartialClass", "Modul006_03_PartialClass\Modul006_03_PartialClass.csproj", "{29336004-8059-4234-AED2-9F23FC0BD5CD}"
EndProject
Project("{9A19103F-16F7-4668-BE54-9A1E7A4F7556}") = "Modul007_01_Object", "Modul007_01_Object\Modul007_01_Object.csproj", "{EEF6CDBE-418C-4B8C-AFD6-6AFC996D0D9A}"
EndProject
Project("{FAE04EC0-301F-11D3-BF4B-00C04F79EFBC}") = "Modul007_02_Methoden", "Modul007_02_Methoden\Modul007_02_Methoden.csproj", "{F4B496F0-E2BB-41A0-A7C5-033EDBC9FF79}"
EndProject
Project("{FAE04EC0-301F-11D3-BF4B-00C04F79EFBC}") = "Modul008_01_Vererbung", "Modul008_01_Vererbung\Modul008_01_Vererbung.csproj", "{AFAD5AF1-AA2B-4C5C-9EB8-F80F8C490B0A}"
EndProject
Project("{FAE04EC0-301F-11D3-BF4B-00C04F79EFBC}") = "Modul008_02_Lib", "Modul008_02_Lib\Modul008_02_Lib.csproj", "{3A6D4CF7-50A1-4E8C-9E94-A893D280BA56}"
EndProject
Project("{FAE04EC0-301F-11D3-BF4B-00C04F79EFBC}") = "Modul008_02_Zugriffmodifier", "Modul008_02_Zugriffmodifier\Modul008_02_Zugriffmodifier.csproj", "{97A46E0A-539D-4BC3-A4F0-C969DF823E8E}"
EndProject
Project("{FAE04EC0-301F-11D3-BF4B-00C04F79EFBC}") = "Modul009_01_Polymorphiesmus_Virtual", "Modul009_01_Polymorphiesmus_Virtual\Modul009_01_Polymorphiesmus_Virtual.csproj", "{EDCB7FBA-998A-4EC4-BEC4-A74CB013644D}"
EndProject
Global
	GlobalSection(SolutionConfigurationPlatforms) = preSolution
		Debug|Any CPU = Debug|Any CPU
		Release|Any CPU = Release|Any CPU
	EndGlobalSection
	GlobalSection(ProjectConfigurationPlatforms) = postSolution
		{6C652B19-35E8-429B-9A90-1086E01E734E}.Debug|Any CPU.ActiveCfg = Debug|Any CPU
		{6C652B19-35E8-429B-9A90-1086E01E734E}.Debug|Any CPU.Build.0 = Debug|Any CPU
		{6C652B19-35E8-429B-9A90-1086E01E734E}.Release|Any CPU.ActiveCfg = Release|Any CPU
		{6C652B19-35E8-429B-9A90-1086E01E734E}.Release|Any CPU.Build.0 = Release|Any CPU
		{A9A460FC-4080-454F-B55C-FB14679FBA4C}.Debug|Any CPU.ActiveCfg = Debug|Any CPU
		{A9A460FC-4080-454F-B55C-FB14679FBA4C}.Debug|Any CPU.Build.0 = Debug|Any CPU
		{A9A460FC-4080-454F-B55C-FB14679FBA4C}.Release|Any CPU.ActiveCfg = Release|Any CPU
		{A9A460FC-4080-454F-B55C-FB14679FBA4C}.Release|Any CPU.Build.0 = Release|Any CPU
		{D927E686-B482-4204-A01B-53D7D2762909}.Debug|Any CPU.ActiveCfg = Debug|Any CPU
		{D927E686-B482-4204-A01B-53D7D2762909}.Debug|Any CPU.Build.0 = Debug|Any CPU
		{D927E686-B482-4204-A01B-53D7D2762909}.Release|Any CPU.ActiveCfg = Release|Any CPU
		{D927E686-B482-4204-A01B-53D7D2762909}.Release|Any CPU.Build.0 = Release|Any CPU
		{8DE6DAED-33F8-4F5F-94B6-5A31991B6930}.Debug|Any CPU.ActiveCfg = Debug|Any CPU
		{8DE6DAED-33F8-4F5F-94B6-5A31991B6930}.Debug|Any CPU.Build.0 = Debug|Any CPU
		{8DE6DAED-33F8-4F5F-94B6-5A31991B6930}.Release|Any CPU.ActiveCfg = Release|Any CPU
		{8DE6DAED-33F8-4F5F-94B6-5A31991B6930}.Release|Any CPU.Build.0 = Release|Any CPU
		{9C59D33E-1609-4875-AB4E-FFD15575161D}.Debug|Any CPU.ActiveCfg = Debug|Any CPU
		{9C59D33E-1609-4875-AB4E-FFD15575161D}.Debug|Any CPU.Build.0 = Debug|Any CPU
		{9C59D33E-1609-4875-AB4E-FFD15575161D}.Release|Any CPU.ActiveCfg = Release|Any CPU
		{9C59D33E-1609-4875-AB4E-FFD15575161D}.Release|Any CPU.Build.0 = Release|Any CPU
		{F7ADA0A5-9F74-4F0C-94E0-CEC154023BBC}.Debug|Any CPU.ActiveCfg = Debug|Any CPU
		{F7ADA0A5-9F74-4F0C-94E0-CEC154023BBC}.Debug|Any CPU.Build.0 = Debug|Any CPU
		{F7ADA0A5-9F74-4F0C-94E0-CEC154023BBC}.Release|Any CPU.ActiveCfg = Release|Any CPU
		{F7ADA0A5-9F74-4F0C-94E0-CEC154023BBC}.Release|Any CPU.Build.0 = Release|Any CPU
		{52FBBFD2-67AB-4A06-BBF7-D7F13D4F3E35}.Debug|Any CPU.ActiveCfg = Debug|Any CPU
		{52FBBFD2-67AB-4A06-BBF7-D7F13D4F3E35}.Debug|Any CPU.Build.0 = Debug|Any CPU
		{52FBBFD2-67AB-4A06-BBF7-D7F13D4F3E35}.Release|Any CPU.ActiveCfg = Release|Any CPU
		{52FBBFD2-67AB-4A06-BBF7-D7F13D4F3E35}.Release|Any CPU.Build.0 = Release|Any CPU
		{27DEA875-E01D-452A-A47A-6EC97EC7890D}.Debug|Any CPU.ActiveCfg = Debug|Any CPU
		{27DEA875-E01D-452A-A47A-6EC97EC7890D}.Debug|Any CPU.Build.0 = Debug|Any CPU
		{27DEA875-E01D-452A-A47A-6EC97EC7890D}.Release|Any CPU.ActiveCfg = Release|Any CPU
		{27DEA875-E01D-452A-A47A-6EC97EC7890D}.Release|Any CPU.Build.0 = Release|Any CPU
		{92411706-47DC-4CB4-835F-CC46AAF7D96B}.Debug|Any CPU.ActiveCfg = Debug|Any CPU
		{92411706-47DC-4CB4-835F-CC46AAF7D96B}.Debug|Any CPU.Build.0 = Debug|Any CPU
		{92411706-47DC-4CB4-835F-CC46AAF7D96B}.Release|Any CPU.ActiveCfg = Release|Any CPU
		{92411706-47DC-4CB4-835F-CC46AAF7D96B}.Release|Any CPU.Build.0 = Release|Any CPU
		{B49B5E72-AA23-40C8-B639-6E0C9DF7A5C8}.Debug|Any CPU.ActiveCfg = Debug|Any CPU
		{B49B5E72-AA23-40C8-B639-6E0C9DF7A5C8}.Debug|Any CPU.Build.0 = Debug|Any CPU
		{B49B5E72-AA23-40C8-B639-6E0C9DF7A5C8}.Release|Any CPU.ActiveCfg = Release|Any CPU
		{B49B5E72-AA23-40C8-B639-6E0C9DF7A5C8}.Release|Any CPU.Build.0 = Release|Any CPU
		{4D8369C2-7DE4-4C72-8BC9-BCBBC70B7BE0}.Debug|Any CPU.ActiveCfg = Debug|Any CPU
		{4D8369C2-7DE4-4C72-8BC9-BCBBC70B7BE0}.Debug|Any CPU.Build.0 = Debug|Any CPU
		{4D8369C2-7DE4-4C72-8BC9-BCBBC70B7BE0}.Release|Any CPU.ActiveCfg = Release|Any CPU
		{4D8369C2-7DE4-4C72-8BC9-BCBBC70B7BE0}.Release|Any CPU.Build.0 = Release|Any CPU
		{CFCDFF03-249B-4190-969E-B3DEA9E9E123}.Debug|Any CPU.ActiveCfg = Debug|Any CPU
		{CFCDFF03-249B-4190-969E-B3DEA9E9E123}.Debug|Any CPU.Build.0 = Debug|Any CPU
		{CFCDFF03-249B-4190-969E-B3DEA9E9E123}.Release|Any CPU.ActiveCfg = Release|Any CPU
		{CFCDFF03-249B-4190-969E-B3DEA9E9E123}.Release|Any CPU.Build.0 = Release|Any CPU
		{ED5E36B3-8F04-40E5-90C3-E80D01BDCE87}.Debug|Any CPU.ActiveCfg = Debug|Any CPU
		{ED5E36B3-8F04-40E5-90C3-E80D01BDCE87}.Debug|Any CPU.Build.0 = Debug|Any CPU
		{ED5E36B3-8F04-40E5-90C3-E80D01BDCE87}.Release|Any CPU.ActiveCfg = Release|Any CPU
		{ED5E36B3-8F04-40E5-90C3-E80D01BDCE87}.Release|Any CPU.Build.0 = Release|Any CPU
		{B6BA7BDC-FA7A-43C9-88B0-04E3420E68B2}.Debug|Any CPU.ActiveCfg = Debug|Any CPU
		{B6BA7BDC-FA7A-43C9-88B0-04E3420E68B2}.Debug|Any CPU.Build.0 = Debug|Any CPU
		{B6BA7BDC-FA7A-43C9-88B0-04E3420E68B2}.Release|Any CPU.ActiveCfg = Release|Any CPU
		{B6BA7BDC-FA7A-43C9-88B0-04E3420E68B2}.Release|Any CPU.Build.0 = Release|Any CPU
		{A25D1C4B-6493-4CFF-9070-B645EB8E2E9E}.Debug|Any CPU.ActiveCfg = Debug|Any CPU
		{A25D1C4B-6493-4CFF-9070-B645EB8E2E9E}.Debug|Any CPU.Build.0 = Debug|Any CPU
		{A25D1C4B-6493-4CFF-9070-B645EB8E2E9E}.Release|Any CPU.ActiveCfg = Release|Any CPU
		{A25D1C4B-6493-4CFF-9070-B645EB8E2E9E}.Release|Any CPU.Build.0 = Release|Any CPU
		{29336004-8059-4234-AED2-9F23FC0BD5CD}.Debug|Any CPU.ActiveCfg = Debug|Any CPU
		{29336004-8059-4234-AED2-9F23FC0BD5CD}.Debug|Any CPU.Build.0 = Debug|Any CPU
		{29336004-8059-4234-AED2-9F23FC0BD5CD}.Release|Any CPU.ActiveCfg = Release|Any CPU
		{29336004-8059-4234-AED2-9F23FC0BD5CD}.Release|Any CPU.Build.0 = Release|Any CPU
		{EEF6CDBE-418C-4B8C-AFD6-6AFC996D0D9A}.Debug|Any CPU.ActiveCfg = Debug|Any CPU
		{EEF6CDBE-418C-4B8C-AFD6-6AFC996D0D9A}.Debug|Any CPU.Build.0 = Debug|Any CPU
		{EEF6CDBE-418C-4B8C-AFD6-6AFC996D0D9A}.Release|Any CPU.ActiveCfg = Release|Any CPU
		{EEF6CDBE-418C-4B8C-AFD6-6AFC996D0D9A}.Release|Any CPU.Build.0 = Release|Any CPU
		{F4B496F0-E2BB-41A0-A7C5-033EDBC9FF79}.Debug|Any CPU.ActiveCfg = Debug|Any CPU
		{F4B496F0-E2BB-41A0-A7C5-033EDBC9FF79}.Debug|Any CPU.Build.0 = Debug|Any CPU
		{F4B496F0-E2BB-41A0-A7C5-033EDBC9FF79}.Release|Any CPU.ActiveCfg = Release|Any CPU
		{F4B496F0-E2BB-41A0-A7C5-033EDBC9FF79}.Release|Any CPU.Build.0 = Release|Any CPU
		{AFAD5AF1-AA2B-4C5C-9EB8-F80F8C490B0A}.Debug|Any CPU.ActiveCfg = Debug|Any CPU
		{AFAD5AF1-AA2B-4C5C-9EB8-F80F8C490B0A}.Debug|Any CPU.Build.0 = Debug|Any CPU
		{AFAD5AF1-AA2B-4C5C-9EB8-F80F8C490B0A}.Release|Any CPU.ActiveCfg = Release|Any CPU
		{AFAD5AF1-AA2B-4C5C-9EB8-F80F8C490B0A}.Release|Any CPU.Build.0 = Release|Any CPU
		{3A6D4CF7-50A1-4E8C-9E94-A893D280BA56}.Debug|Any CPU.ActiveCfg = Debug|Any CPU
		{3A6D4CF7-50A1-4E8C-9E94-A893D280BA56}.Debug|Any CPU.Build.0 = Debug|Any CPU
		{3A6D4CF7-50A1-4E8C-9E94-A893D280BA56}.Release|Any CPU.ActiveCfg = Release|Any CPU
		{3A6D4CF7-50A1-4E8C-9E94-A893D280BA56}.Release|Any CPU.Build.0 = Release|Any CPU
		{97A46E0A-539D-4BC3-A4F0-C969DF823E8E}.Debug|Any CPU.ActiveCfg = Debug|Any CPU
		{97A46E0A-539D-4BC3-A4F0-C969DF823E8E}.Debug|Any CPU.Build.0 = Debug|Any CPU
		{97A46E0A-539D-4BC3-A4F0-C969DF823E8E}.Release|Any CPU.ActiveCfg = Release|Any CPU
		{97A46E0A-539D-4BC3-A4F0-C969DF823E8E}.Release|Any CPU.Build.0 = Release|Any CPU
		{EDCB7FBA-998A-4EC4-BEC4-A74CB013644D}.Debug|Any CPU.ActiveCfg = Debug|Any CPU
		{EDCB7FBA-998A-4EC4-BEC4-A74CB013644D}.Debug|Any CPU.Build.0 = Debug|Any CPU
		{EDCB7FBA-998A-4EC4-BEC4-A74CB013644D}.Release|Any CPU.ActiveCfg = Release|Any CPU
		{EDCB7FBA-998A-4EC4-BEC4-A74CB013644D}.Release|Any CPU.Build.0 = Release|Any CPU
	EndGlobalSection
	GlobalSection(SolutionProperties) = preSolution
		HideSolutionNode = FALSE
	EndGlobalSection
	GlobalSection(ExtensibilityGlobals) = postSolution
		SolutionGuid = {525C2065-1D20-414B-8956-054539ADC401}
	EndGlobalSection
EndGlobal
